
Microsoft Visual Studio Solution File, Format Version 12.00
# Visual Studio 15
VisualStudioVersion = 15.0.28307.1831
MinimumVisualStudioVersion = 10.0.40219.1
Project("{8BC9CEB8-8B4A-11D0-8D11-00A0C91BC942}") = "BV_224", "BV_224\BV_224.vcxproj", "{EE49BA45-B632-4091-A1BD-EEDF55C82BCF}"
EndProject
Project("{8BC9CEB8-8B4A-11D0-8D11-00A0C91BC942}") = "ControlStructures", "ControlStructures\ControlStructures.vcxproj", "{1811591F-6AF9-442F-A46D-2C25E67C3389}"
EndProject
Project("{8BC9CEB8-8B4A-11D0-8D11-00A0C91BC942}") = "Calc", "Calc\Calc.vcxproj", "{1F09AB78-0CE5-441A-B65A-60E4D5313E6A}"
EndProject
Project("{8BC9CEB8-8B4A-11D0-8D11-00A0C91BC942}") = "LOOPS", "Getch\Getch.vcxproj", "{4F537140-CB6D-48E5-9C26-B96FFF9F8A55}"
EndProject
Project("{8BC9CEB8-8B4A-11D0-8D11-00A0C91BC942}") = "FOR", "FOR\FOR.vcxproj", "{0BD232DD-76D4-4F83-8499-D36AD8A989C2}"
EndProject
Project("{8BC9CEB8-8B4A-11D0-8D11-00A0C91BC942}") = "Pointers_221", "Pointers\Pointers.vcxproj", "{C5596282-1748-4BFE-9C17-4FC26267B931}"
EndProject
Project("{8BC9CEB8-8B4A-11D0-8D11-00A0C91BC942}") = "References 221", "References 221\References 221.vcxproj", "{761D1834-D6FB-47D0-A3A2-F1D7A45CA544}"
EndProject
Project("{8BC9CEB8-8B4A-11D0-8D11-00A0C91BC942}") = "Dinamic Arrays221", "Dinamic Arrays221\Dinamic Arrays221.vcxproj", "{71309613-FD11-40C8-813A-F752D410941E}"
EndProject
Project("{8BC9CEB8-8B4A-11D0-8D11-00A0C91BC942}") = "HW224", "HW224\HW224.vcxproj", "{8546F04A-FE68-42F0-A815-C70E32317F14}"
EndProject
Global
	GlobalSection(SolutionConfigurationPlatforms) = preSolution
		Debug|x64 = Debug|x64
		Debug|x86 = Debug|x86
		Release|x64 = Release|x64
		Release|x86 = Release|x86
	EndGlobalSection
	GlobalSection(ProjectConfigurationPlatforms) = postSolution
		{EE49BA45-B632-4091-A1BD-EEDF55C82BCF}.Debug|x64.ActiveCfg = Debug|x64
		{EE49BA45-B632-4091-A1BD-EEDF55C82BCF}.Debug|x64.Build.0 = Debug|x64
		{EE49BA45-B632-4091-A1BD-EEDF55C82BCF}.Debug|x86.ActiveCfg = Debug|Win32
		{EE49BA45-B632-4091-A1BD-EEDF55C82BCF}.Debug|x86.Build.0 = Debug|Win32
		{EE49BA45-B632-4091-A1BD-EEDF55C82BCF}.Release|x64.ActiveCfg = Release|x64
		{EE49BA45-B632-4091-A1BD-EEDF55C82BCF}.Release|x64.Build.0 = Release|x64
		{EE49BA45-B632-4091-A1BD-EEDF55C82BCF}.Release|x86.ActiveCfg = Release|Win32
		{EE49BA45-B632-4091-A1BD-EEDF55C82BCF}.Release|x86.Build.0 = Release|Win32
		{1811591F-6AF9-442F-A46D-2C25E67C3389}.Debug|x64.ActiveCfg = Debug|x64
		{1811591F-6AF9-442F-A46D-2C25E67C3389}.Debug|x64.Build.0 = Debug|x64
		{1811591F-6AF9-442F-A46D-2C25E67C3389}.Debug|x86.ActiveCfg = Debug|Win32
		{1811591F-6AF9-442F-A46D-2C25E67C3389}.Debug|x86.Build.0 = Debug|Win32
		{1811591F-6AF9-442F-A46D-2C25E67C3389}.Release|x64.ActiveCfg = Release|x64
		{1811591F-6AF9-442F-A46D-2C25E67C3389}.Release|x64.Build.0 = Release|x64
		{1811591F-6AF9-442F-A46D-2C25E67C3389}.Release|x86.ActiveCfg = Release|Win32
		{1811591F-6AF9-442F-A46D-2C25E67C3389}.Release|x86.Build.0 = Release|Win32
		{1F09AB78-0CE5-441A-B65A-60E4D5313E6A}.Debug|x64.ActiveCfg = Debug|x64
		{1F09AB78-0CE5-441A-B65A-60E4D5313E6A}.Debug|x64.Build.0 = Debug|x64
		{1F09AB78-0CE5-441A-B65A-60E4D5313E6A}.Debug|x86.ActiveCfg = Debug|Win32
		{1F09AB78-0CE5-441A-B65A-60E4D5313E6A}.Debug|x86.Build.0 = Debug|Win32
		{1F09AB78-0CE5-441A-B65A-60E4D5313E6A}.Release|x64.ActiveCfg = Release|x64
		{1F09AB78-0CE5-441A-B65A-60E4D5313E6A}.Release|x64.Build.0 = Release|x64
		{1F09AB78-0CE5-441A-B65A-60E4D5313E6A}.Release|x86.ActiveCfg = Release|Win32
		{1F09AB78-0CE5-441A-B65A-60E4D5313E6A}.Release|x86.Build.0 = Release|Win32
		{4F537140-CB6D-48E5-9C26-B96FFF9F8A55}.Debug|x64.ActiveCfg = Debug|x64
		{4F537140-CB6D-48E5-9C26-B96FFF9F8A55}.Debug|x64.Build.0 = Debug|x64
		{4F537140-CB6D-48E5-9C26-B96FFF9F8A55}.Debug|x86.ActiveCfg = Debug|Win32
		{4F537140-CB6D-48E5-9C26-B96FFF9F8A55}.Debug|x86.Build.0 = Debug|Win32
		{4F537140-CB6D-48E5-9C26-B96FFF9F8A55}.Release|x64.ActiveCfg = Release|x64
		{4F537140-CB6D-48E5-9C26-B96FFF9F8A55}.Release|x64.Build.0 = Release|x64
		{4F537140-CB6D-48E5-9C26-B96FFF9F8A55}.Release|x86.ActiveCfg = Release|Win32
		{4F537140-CB6D-48E5-9C26-B96FFF9F8A55}.Release|x86.Build.0 = Release|Win32
		{0BD232DD-76D4-4F83-8499-D36AD8A989C2}.Debug|x64.ActiveCfg = Debug|x64
		{0BD232DD-76D4-4F83-8499-D36AD8A989C2}.Debug|x64.Build.0 = Debug|x64
		{0BD232DD-76D4-4F83-8499-D36AD8A989C2}.Debug|x86.ActiveCfg = Debug|Win32
		{0BD232DD-76D4-4F83-8499-D36AD8A989C2}.Debug|x86.Build.0 = Debug|Win32
		{0BD232DD-76D4-4F83-8499-D36AD8A989C2}.Release|x64.ActiveCfg = Release|x64
		{0BD232DD-76D4-4F83-8499-D36AD8A989C2}.Release|x64.Build.0 = Release|x64
		{0BD232DD-76D4-4F83-8499-D36AD8A989C2}.Release|x86.ActiveCfg = Release|Win32
		{0BD232DD-76D4-4F83-8499-D36AD8A989C2}.Release|x86.Build.0 = Release|Win32
		{C5596282-1748-4BFE-9C17-4FC26267B931}.Debug|x64.ActiveCfg = Debug|x64
		{C5596282-1748-4BFE-9C17-4FC26267B931}.Debug|x64.Build.0 = Debug|x64
		{C5596282-1748-4BFE-9C17-4FC26267B931}.Debug|x86.ActiveCfg = Debug|Win32
		{C5596282-1748-4BFE-9C17-4FC26267B931}.Debug|x86.Build.0 = Debug|Win32
		{C5596282-1748-4BFE-9C17-4FC26267B931}.Release|x64.ActiveCfg = Release|x64
		{C5596282-1748-4BFE-9C17-4FC26267B931}.Release|x64.Build.0 = Release|x64
		{C5596282-1748-4BFE-9C17-4FC26267B931}.Release|x86.ActiveCfg = Release|Win32
		{C5596282-1748-4BFE-9C17-4FC26267B931}.Release|x86.Build.0 = Release|Win32
		{761D1834-D6FB-47D0-A3A2-F1D7A45CA544}.Debug|x64.ActiveCfg = Debug|x64
		{761D1834-D6FB-47D0-A3A2-F1D7A45CA544}.Debug|x64.Build.0 = Debug|x64
		{761D1834-D6FB-47D0-A3A2-F1D7A45CA544}.Debug|x86.ActiveCfg = Debug|Win32
		{761D1834-D6FB-47D0-A3A2-F1D7A45CA544}.Debug|x86.Build.0 = Debug|Win32
		{761D1834-D6FB-47D0-A3A2-F1D7A45CA544}.Release|x64.ActiveCfg = Release|x64
		{761D1834-D6FB-47D0-A3A2-F1D7A45CA544}.Release|x64.Build.0 = Release|x64
		{761D1834-D6FB-47D0-A3A2-F1D7A45CA544}.Release|x86.ActiveCfg = Release|Win32
		{761D1834-D6FB-47D0-A3A2-F1D7A45CA544}.Release|x86.Build.0 = Release|Win32
		{71309613-FD11-40C8-813A-F752D410941E}.Debug|x64.ActiveCfg = Debug|x64
		{71309613-FD11-40C8-813A-F752D410941E}.Debug|x64.Build.0 = Debug|x64
		{71309613-FD11-40C8-813A-F752D410941E}.Debug|x86.ActiveCfg = Debug|Win32
		{71309613-FD11-40C8-813A-F752D410941E}.Debug|x86.Build.0 = Debug|Win32
		{71309613-FD11-40C8-813A-F752D410941E}.Release|x64.ActiveCfg = Release|x64
		{71309613-FD11-40C8-813A-F752D410941E}.Release|x64.Build.0 = Release|x64
		{71309613-FD11-40C8-813A-F752D410941E}.Release|x86.ActiveCfg = Release|Win32
		{71309613-FD11-40C8-813A-F752D410941E}.Release|x86.Build.0 = Release|Win32
		{8546F04A-FE68-42F0-A815-C70E32317F14}.Debug|x64.ActiveCfg = Debug|x64
		{8546F04A-FE68-42F0-A815-C70E32317F14}.Debug|x64.Build.0 = Debug|x64
		{8546F04A-FE68-42F0-A815-C70E32317F14}.Debug|x86.ActiveCfg = Debug|Win32
		{8546F04A-FE68-42F0-A815-C70E32317F14}.Debug|x86.Build.0 = Debug|Win32
		{8546F04A-FE68-42F0-A815-C70E32317F14}.Release|x64.ActiveCfg = Release|x64
		{8546F04A-FE68-42F0-A815-C70E32317F14}.Release|x64.Build.0 = Release|x64
		{8546F04A-FE68-42F0-A815-C70E32317F14}.Release|x86.ActiveCfg = Release|Win32
		{8546F04A-FE68-42F0-A815-C70E32317F14}.Release|x86.Build.0 = Release|Win32
	EndGlobalSection
	GlobalSection(SolutionProperties) = preSolution
		HideSolutionNode = FALSE
	EndGlobalSection
	GlobalSection(ExtensibilityGlobals) = postSolution
		SolutionGuid = {EF6D2DFC-C937-4716-944E-D5302AB7D442}
	EndGlobalSection
EndGlobal
