
Microsoft Visual Studio Solution File, Format Version 12.00
# Visual Studio 15
VisualStudioVersion = 15.0.28307.1831
MinimumVisualStudioVersion = 10.0.40219.1
Project("{8BC9CEB8-8B4A-11D0-8D11-00A0C91BC942}") = "BV_224", "BV_224\BV_224.vcxproj", "{EE49BA45-B632-4091-A1BD-EEDF55C82BCF}"
EndProject
Project("{8BC9CEB8-8B4A-11D0-8D11-00A0C91BC942}") = "ControlStructures", "ControlStructures\ControlStructures.vcxproj", "{1811591F-6AF9-442F-A46D-2C25E67C3389}"
EndProject
Project("{8BC9CEB8-8B4A-11D0-8D11-00A0C91BC942}") = "Calc", "Calc\Calc.vcxproj", "{1F09AB78-0CE5-441A-B65A-60E4D5313E6A}"
EndProject
Global
	GlobalSection(SolutionConfigurationPlatforms) = preSolution
		Debug|x64 = Debug|x64
		Debug|x86 = Debug|x86
		Release|x64 = Release|x64
		Release|x86 = Release|x86
	EndGlobalSection
	GlobalSection(ProjectConfigurationPlatforms) = postSolution
		{EE49BA45-B632-4091-A1BD-EEDF55C82BCF}.Debug|x64.ActiveCfg = Debug|x64
		{EE49BA45-B632-4091-A1BD-EEDF55C82BCF}.Debug|x64.Build.0 = Debug|x64
		{EE49BA45-B632-4091-A1BD-EEDF55C82BCF}.Debug|x86.ActiveCfg = Debug|Win32
		{EE49BA45-B632-4091-A1BD-EEDF55C82BCF}.Debug|x86.Build.0 = Debug|Win32
		{EE49BA45-B632-4091-A1BD-EEDF55C82BCF}.Release|x64.ActiveCfg = Release|x64
		{EE49BA45-B632-4091-A1BD-EEDF55C82BCF}.Release|x64.Build.0 = Release|x64
		{EE49BA45-B632-4091-A1BD-EEDF55C82BCF}.Release|x86.ActiveCfg = Release|Win32
		{EE49BA45-B632-4091-A1BD-EEDF55C82BCF}.Release|x86.Build.0 = Release|Win32
		{1811591F-6AF9-442F-A46D-2C25E67C3389}.Debug|x64.ActiveCfg = Debug|x64
		{1811591F-6AF9-442F-A46D-2C25E67C3389}.Debug|x64.Build.0 = Debug|x64
		{1811591F-6AF9-442F-A46D-2C25E67C3389}.Debug|x86.ActiveCfg = Debug|Win32
		{1811591F-6AF9-442F-A46D-2C25E67C3389}.Debug|x86.Build.0 = Debug|Win32
		{1811591F-6AF9-442F-A46D-2C25E67C3389}.Release|x64.ActiveCfg = Release|x64
		{1811591F-6AF9-442F-A46D-2C25E67C3389}.Release|x64.Build.0 = Release|x64
		{1811591F-6AF9-442F-A46D-2C25E67C3389}.Release|x86.ActiveCfg = Release|Win32
		{1811591F-6AF9-442F-A46D-2C25E67C3389}.Release|x86.Build.0 = Release|Win32
		{1F09AB78-0CE5-441A-B65A-60E4D5313E6A}.Debug|x64.ActiveCfg = Debug|x64
		{1F09AB78-0CE5-441A-B65A-60E4D5313E6A}.Debug|x64.Build.0 = Debug|x64
		{1F09AB78-0CE5-441A-B65A-60E4D5313E6A}.Debug|x86.ActiveCfg = Debug|Win32
		{1F09AB78-0CE5-441A-B65A-60E4D5313E6A}.Debug|x86.Build.0 = Debug|Win32
		{1F09AB78-0CE5-441A-B65A-60E4D5313E6A}.Release|x64.ActiveCfg = Release|x64
		{1F09AB78-0CE5-441A-B65A-60E4D5313E6A}.Release|x64.Build.0 = Release|x64
		{1F09AB78-0CE5-441A-B65A-60E4D5313E6A}.Release|x86.ActiveCfg = Release|Win32
		{1F09AB78-0CE5-441A-B65A-60E4D5313E6A}.Release|x86.Build.0 = Release|Win32
	EndGlobalSection
	GlobalSection(SolutionProperties) = preSolution
		HideSolutionNode = FALSE
	EndGlobalSection
	GlobalSection(ExtensibilityGlobals) = postSolution
		SolutionGuid = {EF6D2DFC-C937-4716-944E-D5302AB7D442}
	EndGlobalSection
EndGlobal
